
Microsoft Visual Studio Solution File, Format Version 12.00
# Visual Studio Version 16
VisualStudioVersion = 16.0.33214.272
MinimumVisualStudioVersion = 10.0.40219.1
Project("{FAE04EC0-301F-11D3-BF4B-00C04F79EFBC}") = "pr10_2_2", "pr10_2_2.csproj", "{6FBA1D4C-1D94-479D-936E-32B18FFA07C6}"
EndProject
Global
	GlobalSection(SolutionConfigurationPlatforms) = preSolution
		Debug|Any CPU = Debug|Any CPU
		Release|Any CPU = Release|Any CPU
	EndGlobalSection
	GlobalSection(ProjectConfigurationPlatforms) = postSolution
		{6FBA1D4C-1D94-479D-936E-32B18FFA07C6}.Debug|Any CPU.ActiveCfg = Debug|Any CPU
		{6FBA1D4C-1D94-479D-936E-32B18FFA07C6}.Debug|Any CPU.Build.0 = Debug|Any CPU
		{6FBA1D4C-1D94-479D-936E-32B18FFA07C6}.Release|Any CPU.ActiveCfg = Release|Any CPU
		{6FBA1D4C-1D94-479D-936E-32B18FFA07C6}.Release|Any CPU.Build.0 = Release|Any CPU
	EndGlobalSection
	GlobalSection(SolutionProperties) = preSolution
		HideSolutionNode = FALSE
	EndGlobalSection
	GlobalSection(ExtensibilityGlobals) = postSolution
		SolutionGuid = {EFE4334E-F40D-402A-A648-705D16FA16B6}
	EndGlobalSection
EndGlobal
